// !$*UTF8*$!
{
	archiveVersion = 1;
	classes = {
	};
	objectVersion = 77;
	objects = {

/* Begin PBXContainerItemProxy section */
		DE6C23C02E708EDD00A3F75A /* PBXContainerItemProxy */ = {
			isa = PBXContainerItemProxy;
			containerPortal = DE6C23A72E708EDC00A3F75A /* Project object */;
			proxyType = 1;
			remoteGlobalIDString = DE6C23AE2E708EDC00A3F75A;
			remoteInfo = VideoFeed;
		};
		DE6C23CA2E708EDD00A3F75A /* PBXContainerItemProxy */ = {
			isa = PBXContainerItemProxy;
			containerPortal = DE6C23A72E708EDC00A3F75A /* Project object */;
			proxyType = 1;
			remoteGlobalIDString = DE6C23AE2E708EDC00A3F75A;
			remoteInfo = VideoFeed;
		};
/* End PBXContainerItemProxy section */

/* Begin PBXFileReference section */
		DE6C23AF2E708EDC00A3F75A /* VideoFeed.app */ = {isa = PBXFileReference; explicitFileType = wrapper.application; includeInIndex = 0; path = VideoFeed.app; sourceTree = BUILT_PRODUCTS_DIR; };
		DE6C23BF2E708EDD00A3F75A /* VideoFeedTests.xctest */ = {isa = PBXFileReference; explicitFileType = wrapper.cfbundle; includeInIndex = 0; path = VideoFeedTests.xctest; sourceTree = BUILT_PRODUCTS_DIR; };
		DE6C23C92E708EDD00A3F75A /* VideoFeedUITests.xctest */ = {isa = PBXFileReference; explicitFileType = wrapper.cfbundle; includeInIndex = 0; path = VideoFeedUITests.xctest; sourceTree = BUILT_PRODUCTS_DIR; };
/* End PBXFileReference section */

/* Begin PBXFileSystemSynchronizedRootGroup section */
		DE6C23B12E708EDC00A3F75A /* VideoFeed */ = {
			isa = PBXFileSystemSynchronizedRootGroup;
			path = VideoFeed;
			sourceTree = "<group>";
		};
		DE6C23C22E708EDD00A3F75A /* VideoFeedTests */ = {
			isa = PBXFileSystemSynchronizedRootGroup;
			path = VideoFeedTests;
			sourceTree = "<group>";
		};
		DE6C23CC2E708EDD00A3F75A /* VideoFeedUITests */ = {
			isa = PBXFileSystemSynchronizedRootGroup;
			path = VideoFeedUITests;
			sourceTree = "<group>";
		};
/* End PBXFileSystemSynchronizedRootGroup section */

/* Begin PBXFrameworksBuildPhase section */
		DE6C23AC2E708EDC00A3F75A /* Frameworks */ = {
			isa = PBXFrameworksBuildPhase;
			buildActionMask = 2147483647;
			files = (
			);
			runOnlyForDeploymentPostprocessing = 0;
		};
		DE6C23BC2E708EDD00A3F75A /* Frameworks */ = {
			isa = PBXFrameworksBuildPhase;
			buildActionMask = 2147483647;
			files = (
			);
			runOnlyForDeploymentPostprocessing = 0;
		};
		DE6C23C62E708EDD00A3F75A /* Frameworks */ = {
			isa = PBXFrameworksBuildPhase;
			buildActionMask = 2147483647;
			files = (
			);
			runOnlyForDeploymentPostprocessing = 0;
		};
/* End PBXFrameworksBuildPhase section */

/* Begin PBXGroup section */
		DE6C23A62E708EDC00A3F75A = {
			isa = PBXGroup;
			children = (
				DE6C23B12E708EDC00A3F75A /* VideoFeed */,
				DE6C23C22E708EDD00A3F75A /* VideoFeedTests */,
				DE6C23CC2E708EDD00A3F75A /* VideoFeedUITests */,
				DE6C23B02E708EDC00A3F75A /* Products */,
			);
			sourceTree = "<group>";
		};
		DE6C23B02E708EDC00A3F75A /* Products */ = {
			isa = PBXGroup;
			children = (
				DE6C23AF2E708EDC00A3F75A /* VideoFeed.app */,
				DE6C23BF2E708EDD00A3F75A /* VideoFeedTests.xctest */,
				DE6C23C92E708EDD00A3F75A /* VideoFeedUITests.xctest */,
			);
			name = Products;
			sourceTree = "<group>";
		};
/* End PBXGroup section */

/* Begin PBXNativeTarget section */
		DE6C23AE2E708EDC00A3F75A /* VideoFeed */ = {
			isa = PBXNativeTarget;
			buildConfigurationList = DE6C23D32E708EDD00A3F75A /* Build configuration list for PBXNativeTarget "VideoFeed" */;
			buildPhases = (
				DE6C23AB2E708EDC00A3F75A /* Sources */,
				DE6C23AC2E708EDC00A3F75A /* Frameworks */,
				DE6C23AD2E708EDC00A3F75A /* Resources */,
			);
			buildRules = (
			);
			dependencies = (
			);
			fileSystemSynchronizedGroups = (
				DE6C23B12E708EDC00A3F75A /* VideoFeed */,
			);
			name = VideoFeed;
			packageProductDependencies = (
			);
			productName = VideoFeed;
			productReference = DE6C23AF2E708EDC00A3F75A /* VideoFeed.app */;
			productType = "com.apple.product-type.application";
		};
		DE6C23BE2E708EDD00A3F75A /* VideoFeedTests */ = {
			isa = PBXNativeTarget;
			buildConfigurationList = DE6C23D62E708EDD00A3F75A /* Build configuration list for PBXNativeTarget "VideoFeedTests" */;
			buildPhases = (
				DE6C23BB2E708EDD00A3F75A /* Sources */,
				DE6C23BC2E708EDD00A3F75A /* Frameworks */,
				DE6C23BD2E708EDD00A3F75A /* Resources */,
			);
			buildRules = (
			);
			dependencies = (
				DE6C23C12E708EDD00A3F75A /* PBXTargetDependency */,
			);
			fileSystemSynchronizedGroups = (
				DE6C23C22E708EDD00A3F75A /* VideoFeedTests */,
			);
			name = VideoFeedTests;
			packageProductDependencies = (
			);
			productName = VideoFeedTests;
			productReference = DE6C23BF2E708EDD00A3F75A /* VideoFeedTests.xctest */;
			productType = "com.apple.product-type.bundle.unit-test";
		};
		DE6C23C82E708EDD00A3F75A /* VideoFeedUITests */ = {
			isa = PBXNativeTarget;
			buildConfigurationList = DE6C23D92E708EDD00A3F75A /* Build configuration list for PBXNativeTarget "VideoFeedUITests" */;
			buildPhases = (
				DE6C23C52E708EDD00A3F75A /* Sources */,
				DE6C23C62E708EDD00A3F75A /* Frameworks */,
				DE6C23C72E708EDD00A3F75A /* Resources */,
			);
			buildRules = (
			);
			dependencies = (
				DE6C23CB2E708EDD00A3F75A /* PBXTargetDependency */,
			);
			fileSystemSynchronizedGroups = (
				DE6C23CC2E708EDD00A3F75A /* VideoFeedUITests */,
			);
			name = VideoFeedUITests;
			packageProductDependencies = (
			);
			productName = VideoFeedUITests;
			productReference = DE6C23C92E708EDD00A3F75A /* VideoFeedUITests.xctest */;
			productType = "com.apple.product-type.bundle.ui-testing";
		};
/* End PBXNativeTarget section */

/* Begin PBXProject section */
		DE6C23A72E708EDC00A3F75A /* Project object */ = {
			isa = PBXProject;
			attributes = {
				BuildIndependentTargetsInParallel = 1;
				LastSwiftUpdateCheck = 1620;
				LastUpgradeCheck = 1620;
				TargetAttributes = {
					DE6C23AE2E708EDC00A3F75A = {
						CreatedOnToolsVersion = 16.2;
					};
					DE6C23BE2E708EDD00A3F75A = {
						CreatedOnToolsVersion = 16.2;
						TestTargetID = DE6C23AE2E708EDC00A3F75A;
					};
					DE6C23C82E708EDD00A3F75A = {
						CreatedOnToolsVersion = 16.2;
						TestTargetID = DE6C23AE2E708EDC00A3F75A;
					};
				};
			};
			buildConfigurationList = DE6C23AA2E708EDC00A3F75A /* Build configuration list for PBXProject "VideoFeed" */;
			developmentRegion = en;
			hasScannedForEncodings = 0;
			knownRegions = (
				en,
				Base,
			);
			mainGroup = DE6C23A62E708EDC00A3F75A;
			minimizedProjectReferenceProxies = 1;
			preferredProjectObjectVersion = 77;
			productRefGroup = DE6C23B02E708EDC00A3F75A /* Products */;
			projectDirPath = "";
			projectRoot = "";
			targets = (
				DE6C23AE2E708EDC00A3F75A /* VideoFeed */,
				DE6C23BE2E708EDD00A3F75A /* VideoFeedTests */,
				DE6C23C82E708EDD00A3F75A /* VideoFeedUITests */,
			);
		};
/* End PBXProject section */

/* Begin PBXResourcesBuildPhase section */
		DE6C23AD2E708EDC00A3F75A /* Resources */ = {
			isa = PBXResourcesBuildPhase;
			buildActionMask = 2147483647;
			files = (
			);
			runOnlyForDeploymentPostprocessing = 0;
		};
		DE6C23BD2E708EDD00A3F75A /* Resources */ = {
			isa = PBXResourcesBuildPhase;
			buildActionMask = 2147483647;
			files = (
			);
			runOnlyForDeploymentPostprocessing = 0;
		};
		DE6C23C72E708EDD00A3F75A /* Resources */ = {
			isa = PBXResourcesBuildPhase;
			buildActionMask = 2147483647;
			files = (
			);
			runOnlyForDeploymentPostprocessing = 0;
		};
/* End PBXResourcesBuildPhase section */

/* Begin PBXSourcesBuildPhase section */
		DE6C23AB2E708EDC00A3F75A /* Sources */ = {
			isa = PBXSourcesBuildPhase;
			buildActionMask = 2147483647;
			files = (
			);
			runOnlyForDeploymentPostprocessing = 0;
		};
		DE6C23BB2E708EDD00A3F75A /* Sources */ = {
			isa = PBXSourcesBuildPhase;
			buildActionMask = 2147483647;
			files = (
			);
			runOnlyForDeploymentPostprocessing = 0;
		};
		DE6C23C52E708EDD00A3F75A /* Sources */ = {
			isa = PBXSourcesBuildPhase;
			buildActionMask = 2147483647;
			files = (
			);
			runOnlyForDeploymentPostprocessing = 0;
		};
/* End PBXSourcesBuildPhase section */

/* Begin PBXTargetDependency section */
		DE6C23C12E708EDD00A3F75A /* PBXTargetDependency */ = {
			isa = PBXTargetDependency;
			target = DE6C23AE2E708EDC00A3F75A /* VideoFeed */;
			targetProxy = DE6C23C02E708EDD00A3F75A /* PBXContainerItemProxy */;
		};
		DE6C23CB2E708EDD00A3F75A /* PBXTargetDependency */ = {
			isa = PBXTargetDependency;
			target = DE6C23AE2E708EDC00A3F75A /* VideoFeed */;
			targetProxy = DE6C23CA2E708EDD00A3F75A /* PBXContainerItemProxy */;
		};
/* End PBXTargetDependency section */

/* Begin XCBuildConfiguration section */
		DE6C23D12E708EDD00A3F75A /* Debug */ = {
			isa = XCBuildConfiguration;
			buildSettings = {
				ALWAYS_SEARCH_USER_PATHS = NO;
				ASSETCATALOG_COMPILER_GENERATE_SWIFT_ASSET_SYMBOL_EXTENSIONS = YES;
				CLANG_ANALYZER_NONNULL = YES;
				CLANG_ANALYZER_NUMBER_OBJECT_CONVERSION = YES_AGGRESSIVE;
				CLANG_CXX_LANGUAGE_STANDARD = "gnu++20";
				CLANG_ENABLE_MODULES = YES;
				CLANG_ENABLE_OBJC_ARC = YES;
				CLANG_ENABLE_OBJC_WEAK = YES;
				CLANG_WARN_BLOCK_CAPTURE_AUTORELEASING = YES;
				CLANG_WARN_BOOL_CONVERSION = YES;
				CLANG_WARN_COMMA = YES;
				CLANG_WARN_CONSTANT_CONVERSION = YES;
				CLANG_WARN_DEPRECATED_OBJC_IMPLEMENTATIONS = YES;
				CLANG_WARN_DIRECT_OBJC_ISA_USAGE = YES_ERROR;
				CLANG_WARN_DOCUMENTATION_COMMENTS = YES;
				CLANG_WARN_EMPTY_BODY = YES;
				CLANG_WARN_ENUM_CONVERSION = YES;
				CLANG_WARN_INFINITE_RECURSION = YES;
				CLANG_WARN_INT_CONVERSION = YES;
				CLANG_WARN_NON_LITERAL_NULL_CONVERSION = YES;
				CLANG_WARN_OBJC_IMPLICIT_RETAIN_SELF = YES;
				CLANG_WARN_OBJC_LITERAL_CONVERSION = YES;
				CLANG_WARN_OBJC_ROOT_CLASS = YES_ERROR;
				CLANG_WARN_QUOTED_INCLUDE_IN_FRAMEWORK_HEADER = YES;
				CLANG_WARN_RANGE_LOOP_ANALYSIS = YES;
				CLANG_WARN_STRICT_PROTOTYPES = YES;
				CLANG_WARN_SUSPICIOUS_MOVE = YES;
				CLANG_WARN_UNGUARDED_AVAILABILITY = YES_AGGRESSIVE;
				CLANG_WARN_UNREACHABLE_CODE = YES;
				CLANG_WARN__DUPLICATE_METHOD_MATCH = YES;
				COPY_PHASE_STRIP = NO;
				DEBUG_INFORMATION_FORMAT = dwarf;
				ENABLE_STRICT_OBJC_MSGSEND = YES;
				ENABLE_TESTABILITY = YES;
				ENABLE_USER_SCRIPT_SANDBOXING = YES;
				GCC_C_LANGUAGE_STANDARD = gnu17;
				GCC_DYNAMIC_NO_PIC = NO;
				GCC_NO_COMMON_BLOCKS = YES;
				GCC_OPTIMIZATION_LEVEL = 0;
				GCC_PREPROCESSOR_DEFINITIONS = (
					"DEBUG=1",
					"$(inherited)",
				);
				GCC_WARN_64_TO_32_BIT_CONVERSION = YES;
				GCC_WARN_ABOUT_RETURN_TYPE = YES_ERROR;
				GCC_WARN_UNDECLARED_SELECTOR = YES;
				GCC_WARN_UNINITIALIZED_AUTOS = YES_AGGRESSIVE;
				GCC_WARN_UNUSED_FUNCTION = YES;
				GCC_WARN_UNUSED_VARIABLE = YES;
				IPHONEOS_DEPLOYMENT_TARGET = 18.2;
				LOCALIZATION_PREFERS_STRING_CATALOGS = YES;
				MTL_ENABLE_DEBUG_INFO = INCLUDE_SOURCE;
				MTL_FAST_MATH = YES;
				ONLY_ACTIVE_ARCH = YES;
				SDKROOT = iphoneos;
				SWIFT_ACTIVE_COMPILATION_CONDITIONS = "DEBUG $(inherited)";
				SWIFT_OPTIMIZATION_LEVEL = "-Onone";
			};
			name = Debug;
		};
		DE6C23D22E708EDD00A3F75A /* Release */ = {
			isa = XCBuildConfiguration;
			buildSettings = {
				ALWAYS_SEARCH_USER_PATHS = NO;
				ASSETCATALOG_COMPILER_GENERATE_SWIFT_ASSET_SYMBOL_EXTENSIONS = YES;
				CLANG_ANALYZER_NONNULL = YES;
				CLANG_ANALYZER_NUMBER_OBJECT_CONVERSION = YES_AGGRESSIVE;
				CLANG_CXX_LANGUAGE_STANDARD = "gnu++20";
				CLANG_ENABLE_MODULES = YES;
				CLANG_ENABLE_OBJC_ARC = YES;
				CLANG_ENABLE_OBJC_WEAK = YES;
				CLANG_WARN_BLOCK_CAPTURE_AUTORELEASING = YES;
				CLANG_WARN_BOOL_CONVERSION = YES;
				CLANG_WARN_COMMA = YES;
				CLANG_WARN_CONSTANT_CONVERSION = YES;
				CLANG_WARN_DEPRECATED_OBJC_IMPLEMENTATIONS = YES;
				CLANG_WARN_DIRECT_OBJC_ISA_USAGE = YES_ERROR;
				CLANG_WARN_DOCUMENTATION_COMMENTS = YES;
				CLANG_WARN_EMPTY_BODY = YES;
				CLANG_WARN_ENUM_CONVERSION = YES;
				CLANG_WARN_INFINITE_RECURSION = YES;
				CLANG_WARN_INT_CONVERSION = YES;
				CLANG_WARN_NON_LITERAL_NULL_CONVERSION = YES;
				CLANG_WARN_OBJC_IMPLICIT_RETAIN_SELF = YES;
				CLANG_WARN_OBJC_LITERAL_CONVERSION = YES;
				CLANG_WARN_OBJC_ROOT_CLASS = YES_ERROR;
				CLANG_WARN_QUOTED_INCLUDE_IN_FRAMEWORK_HEADER = YES;
				CLANG_WARN_RANGE_LOOP_ANALYSIS = YES;
				CLANG_WARN_STRICT_PROTOTYPES = YES;
				CLANG_WARN_SUSPICIOUS_MOVE = YES;
				CLANG_WARN_UNGUARDED_AVAILABILITY = YES_AGGRESSIVE;
				CLANG_WARN_UNREACHABLE_CODE = YES;
				CLANG_WARN__DUPLICATE_METHOD_MATCH = YES;
				COPY_PHASE_STRIP = NO;
				DEBUG_INFORMATION_FORMAT = "dwarf-with-dsym";
				ENABLE_NS_ASSERTIONS = NO;
				ENABLE_STRICT_OBJC_MSGSEND = YES;
				ENABLE_USER_SCRIPT_SANDBOXING = YES;
				GCC_C_LANGUAGE_STANDARD = gnu17;
				GCC_NO_COMMON_BLOCKS = YES;
				GCC_WARN_64_TO_32_BIT_CONVERSION = YES;
				GCC_WARN_ABOUT_RETURN_TYPE = YES_ERROR;
				GCC_WARN_UNDECLARED_SELECTOR = YES;
				GCC_WARN_UNINITIALIZED_AUTOS = YES_AGGRESSIVE;
				GCC_WARN_UNUSED_FUNCTION = YES;
				GCC_WARN_UNUSED_VARIABLE = YES;
				IPHONEOS_DEPLOYMENT_TARGET = 18.2;
				LOCALIZATION_PREFERS_STRING_CATALOGS = YES;
				MTL_ENABLE_DEBUG_INFO = NO;
				MTL_FAST_MATH = YES;
				SDKROOT = iphoneos;
				SWIFT_COMPILATION_MODE = wholemodule;
				VALIDATE_PRODUCT = YES;
			};
			name = Release;
		};
		DE6C23D42E708EDD00A3F75A /* Debug */ = {
			isa = XCBuildConfiguration;
			buildSettings = {
				ASSETCATALOG_COMPILER_APPICON_NAME = AppIcon;
				ASSETCATALOG_COMPILER_GLOBAL_ACCENT_COLOR_NAME = AccentColor;
				CODE_SIGN_STYLE = Automatic;
				CURRENT_PROJECT_VERSION = 1;
				ENABLE_PREVIEWS = YES;
				GENERATE_INFOPLIST_FILE = YES;
				INFOPLIST_KEY_UIApplicationSceneManifest_Generation = YES;
				INFOPLIST_KEY_UIApplicationSupportsIndirectInputEvents = YES;
				INFOPLIST_KEY_UILaunchScreen_Generation = YES;
				INFOPLIST_KEY_UISupportedInterfaceOrientations = UIInterfaceOrientationPortrait;
				LD_RUNPATH_SEARCH_PATHS = (
					"$(inherited)",
					"@executable_path/Frameworks",
				);
				MARKETING_VERSION = 1.0;
				PRODUCT_BUNDLE_IDENTIFIER = com.bell.prototype1;
				PRODUCT_NAME = "$(TARGET_NAME)";
				SWIFT_EMIT_LOC_STRINGS = YES;
				SWIFT_VERSION = 5.0;
				TARGETED_DEVICE_FAMILY = "1,2";
			};
			name = Debug;
		};
		DE6C23D52E708EDD00A3F75A /* Release */ = {
			isa = XCBuildConfiguration;
			buildSettings = {
				ASSETCATALOG_COMPILER_APPICON_NAME = AppIcon;
				ASSETCATALOG_COMPILER_GLOBAL_ACCENT_COLOR_NAME = AccentColor;
				CODE_SIGN_STYLE = Automatic;
				CURRENT_PROJECT_VERSION = 1;
				ENABLE_PREVIEWS = YES;
				GENERATE_INFOPLIST_FILE = YES;
				INFOPLIST_KEY_UIApplicationSceneManifest_Generation = YES;
				INFOPLIST_KEY_UIApplicationSupportsIndirectInputEvents = YES;
				INFOPLIST_KEY_UILaunchScreen_Generation = YES;
				INFOPLIST_KEY_UISupportedInterfaceOrientations = UIInterfaceOrientationPortrait;
				LD_RUNPATH_SEARCH_PATHS = (
					"$(inherited)",
					"@executable_path/Frameworks",
				);
				MARKETING_VERSION = 1.0;
				PRODUCT_BUNDLE_IDENTIFIER = com.bell.prototype1;
				PRODUCT_NAME = "$(TARGET_NAME)";
				SWIFT_EMIT_LOC_STRINGS = YES;
				SWIFT_VERSION = 5.0;
				TARGETED_DEVICE_FAMILY = "1,2";
			};
			name = Release;
		};
		DE6C23D72E708EDD00A3F75A /* Debug */ = {
			isa = XCBuildConfiguration;
			buildSettings = {
				BUNDLE_LOADER = "$(TEST_HOST)";
				CODE_SIGN_STYLE = Automatic;
				CURRENT_PROJECT_VERSION = 1;
				GENERATE_INFOPLIST_FILE = YES;
				IPHONEOS_DEPLOYMENT_TARGET = 18.2;
				MARKETING_VERSION = 1.0;
				PRODUCT_BUNDLE_IDENTIFIER = test.VideoFeedTests;
				PRODUCT_NAME = "$(TARGET_NAME)";
				SWIFT_EMIT_LOC_STRINGS = NO;
				SWIFT_VERSION = 5.0;
				TARGETED_DEVICE_FAMILY = "1,2";
				TEST_HOST = "$(BUILT_PRODUCTS_DIR)/VideoFeed.app/$(BUNDLE_EXECUTABLE_FOLDER_PATH)/VideoFeed";
			};
			name = Debug;
		};
		DE6C23D82E708EDD00A3F75A /* Release */ = {
			isa = XCBuildConfiguration;
			buildSettings = {
				BUNDLE_LOADER = "$(TEST_HOST)";
				CODE_SIGN_STYLE = Automatic;
				CURRENT_PROJECT_VERSION = 1;
				GENERATE_INFOPLIST_FILE = YES;
				IPHONEOS_DEPLOYMENT_TARGET = 18.2;
				MARKETING_VERSION = 1.0;
				PRODUCT_BUNDLE_IDENTIFIER = test.VideoFeedTests;
				PRODUCT_NAME = "$(TARGET_NAME)";
				SWIFT_EMIT_LOC_STRINGS = NO;
				SWIFT_VERSION = 5.0;
				TARGETED_DEVICE_FAMILY = "1,2";
				TEST_HOST = "$(BUILT_PRODUCTS_DIR)/VideoFeed.app/$(BUNDLE_EXECUTABLE_FOLDER_PATH)/VideoFeed";
			};
			name = Release;
		};
		DE6C23DA2E708EDD00A3F75A /* Debug */ = {
			isa = XCBuildConfiguration;
			buildSettings = {
				CODE_SIGN_STYLE = Automatic;
				CURRENT_PROJECT_VERSION = 1;
				GENERATE_INFOPLIST_FILE = YES;
				MARKETING_VERSION = 1.0;
				PRODUCT_BUNDLE_IDENTIFIER = test.VideoFeedUITests;
				PRODUCT_NAME = "$(TARGET_NAME)";
				SWIFT_EMIT_LOC_STRINGS = NO;
				SWIFT_VERSION = 5.0;
				TARGETED_DEVICE_FAMILY = "1,2";
				TEST_TARGET_NAME = VideoFeed;
			};
			name = Debug;
		};
		DE6C23DB2E708EDD00A3F75A /* Release */ = {
			isa = XCBuildConfiguration;
			buildSettings = {
				CODE_SIGN_STYLE = Automatic;
				CURRENT_PROJECT_VERSION = 1;
				GENERATE_INFOPLIST_FILE = YES;
				MARKETING_VERSION = 1.0;
				PRODUCT_BUNDLE_IDENTIFIER = test.VideoFeedUITests;
				PRODUCT_NAME = "$(TARGET_NAME)";
				SWIFT_EMIT_LOC_STRINGS = NO;
				SWIFT_VERSION = 5.0;
				TARGETED_DEVICE_FAMILY = "1,2";
				TEST_TARGET_NAME = VideoFeed;
			};
			name = Release;
		};
/* End XCBuildConfiguration section */

/* Begin XCConfigurationList section */
		DE6C23AA2E708EDC00A3F75A /* Build configuration list for PBXProject "VideoFeed" */ = {
			isa = XCConfigurationList;
			buildConfigurations = (
				DE6C23D12E708EDD00A3F75A /* Debug */,
				DE6C23D22E708EDD00A3F75A /* Release */,
			);
			defaultConfigurationIsVisible = 0;
			defaultConfigurationName = Release;
		};
		DE6C23D32E708EDD00A3F75A /* Build configuration list for PBXNativeTarget "VideoFeed" */ = {
			isa = XCConfigurationList;
			buildConfigurations = (
				DE6C23D42E708EDD00A3F75A /* Debug */,
				DE6C23D52E708EDD00A3F75A /* Release */,
			);
			defaultConfigurationIsVisible = 0;
			defaultConfigurationName = Release;
		};
		DE6C23D62E708EDD00A3F75A /* Build configuration list for PBXNativeTarget "VideoFeedTests" */ = {
			isa = XCConfigurationList;
			buildConfigurations = (
				DE6C23D72E708EDD00A3F75A /* Debug */,
				DE6C23D82E708EDD00A3F75A /* Release */,
			);
			defaultConfigurationIsVisible = 0;
			defaultConfigurationName = Release;
		};
		DE6C23D92E708EDD00A3F75A /* Build configuration list for PBXNativeTarget "VideoFeedUITests" */ = {
			isa = XCConfigurationList;
			buildConfigurations = (
				DE6C23DA2E708EDD00A3F75A /* Debug */,
				DE6C23DB2E708EDD00A3F75A /* Release */,
			);
			defaultConfigurationIsVisible = 0;
			defaultConfigurationName = Release;
		};
/* End XCConfigurationList section */
	};
	rootObject = DE6C23A72E708EDC00A3F75A /* Project object */;
}
